// !$*UTF8*$!
{
	archiveVersion = 1;
	classes = {
	};
	objectVersion = 50;
	objects = {

/* Begin PBXBuildFile section */
		2F32854C235047E300FA8BB4 /* AppDelegate.swift in Sources */ = {isa = PBXBuildFile; fileRef = 2F32854B235047E300FA8BB4 /* AppDelegate.swift */; };
		2F328551235047E300FA8BB4 /* Main.storyboard in Resources */ = {isa = PBXBuildFile; fileRef = 2F32854F235047E300FA8BB4 /* Main.storyboard */; };
		2F328553235047E500FA8BB4 /* Assets.xcassets in Resources */ = {isa = PBXBuildFile; fileRef = 2F328552235047E500FA8BB4 /* Assets.xcassets */; };
		2F328556235047E500FA8BB4 /* LaunchScreen.storyboard in Resources */ = {isa = PBXBuildFile; fileRef = 2F328554235047E500FA8BB4 /* LaunchScreen.storyboard */; };
		2FCBD45A2351826B001DF3E3 /* UIScrollView+XYRefresh.swift in Sources */ = {isa = PBXBuildFile; fileRef = 2FCBD4592351826B001DF3E3 /* UIScrollView+XYRefresh.swift */; };
		2FCBD45C2351827D001DF3E3 /* XYRefreshControl.swift in Sources */ = {isa = PBXBuildFile; fileRef = 2FCBD45B2351827D001DF3E3 /* XYRefreshControl.swift */; };
		2FCBD45E23518291001DF3E3 /* XYRefreshComponent.swift in Sources */ = {isa = PBXBuildFile; fileRef = 2FCBD45D23518291001DF3E3 /* XYRefreshComponent.swift */; };
		2FFE076623504A1E00C5F9B7 /* XYBallFlashRefreshHeaderComponent.swift in Sources */ = {isa = PBXBuildFile; fileRef = 2FFE076223504A1E00C5F9B7 /* XYBallFlashRefreshHeaderComponent.swift */; };
		2FFE076A23504A5200C5F9B7 /* ViewController.swift in Sources */ = {isa = PBXBuildFile; fileRef = 2FFE076923504A5200C5F9B7 /* ViewController.swift */; };
/* End PBXBuildFile section */

/* Begin PBXFileReference section */
		2F328548235047E300FA8BB4 /* xyrefresh.app */ = {isa = PBXFileReference; explicitFileType = wrapper.application; includeInIndex = 0; path = xyrefresh.app; sourceTree = BUILT_PRODUCTS_DIR; };
		2F32854B235047E300FA8BB4 /* AppDelegate.swift */ = {isa = PBXFileReference; lastKnownFileType = sourcecode.swift; path = AppDelegate.swift; sourceTree = "<group>"; };
		2F328550235047E300FA8BB4 /* Base */ = {isa = PBXFileReference; lastKnownFileType = file.storyboard; name = Base; path = Base.lproj/Main.storyboard; sourceTree = "<group>"; };
		2F328552235047E500FA8BB4 /* Assets.xcassets */ = {isa = PBXFileReference; lastKnownFileType = folder.assetcatalog; path = Assets.xcassets; sourceTree = "<group>"; };
		2F328555235047E500FA8BB4 /* Base */ = {isa = PBXFileReference; lastKnownFileType = file.storyboard; name = Base; path = Base.lproj/LaunchScreen.storyboard; sourceTree = "<group>"; };
		2F328557235047E500FA8BB4 /* Info.plist */ = {isa = PBXFileReference; lastKnownFileType = text.plist.xml; path = Info.plist; sourceTree = "<group>"; };
		2FCBD4592351826B001DF3E3 /* UIScrollView+XYRefresh.swift */ = {isa = PBXFileReference; fileEncoding = 4; lastKnownFileType = sourcecode.swift; path = "UIScrollView+XYRefresh.swift"; sourceTree = "<group>"; };
		2FCBD45B2351827D001DF3E3 /* XYRefreshControl.swift */ = {isa = PBXFileReference; fileEncoding = 4; lastKnownFileType = sourcecode.swift; path = XYRefreshControl.swift; sourceTree = "<group>"; };
		2FCBD45D23518291001DF3E3 /* XYRefreshComponent.swift */ = {isa = PBXFileReference; fileEncoding = 4; lastKnownFileType = sourcecode.swift; path = XYRefreshComponent.swift; sourceTree = "<group>"; };
		2FFE076223504A1E00C5F9B7 /* XYBallFlashRefreshHeaderComponent.swift */ = {isa = PBXFileReference; fileEncoding = 4; lastKnownFileType = sourcecode.swift; path = XYBallFlashRefreshHeaderComponent.swift; sourceTree = "<group>"; };
		2FFE076923504A5200C5F9B7 /* ViewController.swift */ = {isa = PBXFileReference; fileEncoding = 4; lastKnownFileType = sourcecode.swift; path = ViewController.swift; sourceTree = "<group>"; };
/* End PBXFileReference section */

/* Begin PBXFrameworksBuildPhase section */
		2F328545235047E300FA8BB4 /* Frameworks */ = {
			isa = PBXFrameworksBuildPhase;
			buildActionMask = 2147483647;
			files = (
			);
			runOnlyForDeploymentPostprocessing = 0;
		};
/* End PBXFrameworksBuildPhase section */

/* Begin PBXGroup section */
		2F32853F235047E300FA8BB4 = {
			isa = PBXGroup;
			children = (
				2F32854A235047E300FA8BB4 /* xyrefresh */,
				2F328549235047E300FA8BB4 /* Products */,
			);
			sourceTree = "<group>";
		};
		2F328549235047E300FA8BB4 /* Products */ = {
			isa = PBXGroup;
			children = (
				2F328548235047E300FA8BB4 /* xyrefresh.app */,
			);
			name = Products;
			sourceTree = "<group>";
		};
		2F32854A235047E300FA8BB4 /* xyrefresh */ = {
			isa = PBXGroup;
			children = (
				2FFE075F23504A1E00C5F9B7 /* XYRefreshControl */,
				2F32854B235047E300FA8BB4 /* AppDelegate.swift */,
				2FFE076923504A5200C5F9B7 /* ViewController.swift */,
				2F32854F235047E300FA8BB4 /* Main.storyboard */,
				2F328552235047E500FA8BB4 /* Assets.xcassets */,
				2F328554235047E500FA8BB4 /* LaunchScreen.storyboard */,
				2F328557235047E500FA8BB4 /* Info.plist */,
			);
			path = xyrefresh;
			sourceTree = "<group>";
		};
		2FFE075F23504A1E00C5F9B7 /* XYRefreshControl */ = {
			isa = PBXGroup;
			children = (
				2FFE076123504A1E00C5F9B7 /* XYHeaderComponent */,
				2FCBD4592351826B001DF3E3 /* UIScrollView+XYRefresh.swift */,
				2FCBD45B2351827D001DF3E3 /* XYRefreshControl.swift */,
			);
			name = XYRefreshControl;
			path = ../../XYRefreshControl;
			sourceTree = "<group>";
		};
		2FFE076123504A1E00C5F9B7 /* XYHeaderComponent */ = {
			isa = PBXGroup;
			children = (
				2FCBD45D23518291001DF3E3 /* XYRefreshComponent.swift */,
				2FFE076223504A1E00C5F9B7 /* XYBallFlashRefreshHeaderComponent.swift */,
			);
			path = XYHeaderComponent;
			sourceTree = "<group>";
		};
/* End PBXGroup section */

/* Begin PBXNativeTarget section */
		2F328547235047E300FA8BB4 /* xyrefresh */ = {
			isa = PBXNativeTarget;
			buildConfigurationList = 2F32855A235047E500FA8BB4 /* Build configuration list for PBXNativeTarget "xyrefresh" */;
			buildPhases = (
				2F328544235047E300FA8BB4 /* Sources */,
				2F328545235047E300FA8BB4 /* Frameworks */,
				2F328546235047E300FA8BB4 /* Resources */,
			);
			buildRules = (
			);
			dependencies = (
			);
			name = xyrefresh;
			productName = xyrefresh;
			productReference = 2F328548235047E300FA8BB4 /* xyrefresh.app */;
			productType = "com.apple.product-type.application";
		};
/* End PBXNativeTarget section */

/* Begin PBXProject section */
		2F328540235047E300FA8BB4 /* Project object */ = {
			isa = PBXProject;
			attributes = {
				LastSwiftUpdateCheck = 1030;
				LastUpgradeCheck = 1030;
				ORGANIZATIONNAME = yang;
				TargetAttributes = {
					2F328547235047E300FA8BB4 = {
						CreatedOnToolsVersion = 10.3;
					};
				};
			};
			buildConfigurationList = 2F328543235047E300FA8BB4 /* Build configuration list for PBXProject "xyrefresh" */;
			compatibilityVersion = "Xcode 9.3";
			developmentRegion = en;
			hasScannedForEncodings = 0;
			knownRegions = (
				en,
				Base,
			);
			mainGroup = 2F32853F235047E300FA8BB4;
			productRefGroup = 2F328549235047E300FA8BB4 /* Products */;
			projectDirPath = "";
			projectRoot = "";
			targets = (
				2F328547235047E300FA8BB4 /* xyrefresh */,
			);
		};
/* End PBXProject section */

/* Begin PBXResourcesBuildPhase section */
		2F328546235047E300FA8BB4 /* Resources */ = {
			isa = PBXResourcesBuildPhase;
			buildActionMask = 2147483647;
			files = (
				2F328556235047E500FA8BB4 /* LaunchScreen.storyboard in Resources */,
				2F328553235047E500FA8BB4 /* Assets.xcassets in Resources */,
				2F328551235047E300FA8BB4 /* Main.storyboard in Resources */,
			);
			runOnlyForDeploymentPostprocessing = 0;
		};
/* End PBXResourcesBuildPhase section */

/* Begin PBXSourcesBuildPhase section */
		2F328544235047E300FA8BB4 /* Sources */ = {
			isa = PBXSourcesBuildPhase;
			buildActionMask = 2147483647;
			files = (
				2FCBD45A2351826B001DF3E3 /* UIScrollView+XYRefresh.swift in Sources */,
				2FFE076A23504A5200C5F9B7 /* ViewController.swift in Sources */,
				2F32854C235047E300FA8BB4 /* AppDelegate.swift in Sources */,
				2FCBD45C2351827D001DF3E3 /* XYRefreshControl.swift in Sources */,
				2FCBD45E23518291001DF3E3 /* XYRefreshComponent.swift in Sources */,
				2FFE076623504A1E00C5F9B7 /* XYBallFlashRefreshHeaderComponent.swift in Sources */,
			);
			runOnlyForDeploymentPostprocessing = 0;
		};
/* End PBXSourcesBuildPhase section */

/* Begin PBXVariantGroup section */
		2F32854F235047E300FA8BB4 /* Main.storyboard */ = {
			isa = PBXVariantGroup;
			children = (
				2F328550235047E300FA8BB4 /* Base */,
			);
			name = Main.storyboard;
			sourceTree = "<group>";
		};
		2F328554235047E500FA8BB4 /* LaunchScreen.storyboard */ = {
			isa = PBXVariantGroup;
			children = (
				2F328555235047E500FA8BB4 /* Base */,
			);
			name = LaunchScreen.storyboard;
			sourceTree = "<group>";
		};
/* End PBXVariantGroup section */

/* Begin XCBuildConfiguration section */
		2F328558235047E500FA8BB4 /* Debug */ = {
			isa = XCBuildConfiguration;
			buildSettings = {
				ALWAYS_SEARCH_USER_PATHS = NO;
				CLANG_ANALYZER_NONNULL = YES;
				CLANG_ANALYZER_NUMBER_OBJECT_CONVERSION = YES_AGGRESSIVE;
				CLANG_CXX_LANGUAGE_STANDARD = "gnu++14";
				CLANG_CXX_LIBRARY = "libc++";
				CLANG_ENABLE_MODULES = YES;
				CLANG_ENABLE_OBJC_ARC = YES;
				CLANG_ENABLE_OBJC_WEAK = YES;
				CLANG_WARN_BLOCK_CAPTURE_AUTORELEASING = YES;
				CLANG_WARN_BOOL_CONVERSION = YES;
				CLANG_WARN_COMMA = YES;
				CLANG_WARN_CONSTANT_CONVERSION = YES;
				CLANG_WARN_DEPRECATED_OBJC_IMPLEMENTATIONS = YES;
				CLANG_WARN_DIRECT_OBJC_ISA_USAGE = YES_ERROR;
				CLANG_WARN_DOCUMENTATION_COMMENTS = YES;
				CLANG_WARN_EMPTY_BODY = YES;
				CLANG_WARN_ENUM_CONVERSION = YES;
				CLANG_WARN_INFINITE_RECURSION = YES;
				CLANG_WARN_INT_CONVERSION = YES;
				CLANG_WARN_NON_LITERAL_NULL_CONVERSION = YES;
				CLANG_WARN_OBJC_IMPLICIT_RETAIN_SELF = YES;
				CLANG_WARN_OBJC_LITERAL_CONVERSION = YES;
				CLANG_WARN_OBJC_ROOT_CLASS = YES_ERROR;
				CLANG_WARN_RANGE_LOOP_ANALYSIS = YES;
				CLANG_WARN_STRICT_PROTOTYPES = YES;
				CLANG_WARN_SUSPICIOUS_MOVE = YES;
				CLANG_WARN_UNGUARDED_AVAILABILITY = YES_AGGRESSIVE;
				CLANG_WARN_UNREACHABLE_CODE = YES;
				CLANG_WARN__DUPLICATE_METHOD_MATCH = YES;
				CODE_SIGN_IDENTITY = "iPhone Developer";
				COPY_PHASE_STRIP = NO;
				DEBUG_INFORMATION_FORMAT = dwarf;
				ENABLE_STRICT_OBJC_MSGSEND = YES;
				ENABLE_TESTABILITY = YES;
				GCC_C_LANGUAGE_STANDARD = gnu11;
				GCC_DYNAMIC_NO_PIC = NO;
				GCC_NO_COMMON_BLOCKS = YES;
				GCC_OPTIMIZATION_LEVEL = 0;
				GCC_PREPROCESSOR_DEFINITIONS = (
					"DEBUG=1",
					"$(inherited)",
				);
				GCC_WARN_64_TO_32_BIT_CONVERSION = YES;
				GCC_WARN_ABOUT_RETURN_TYPE = YES_ERROR;
				GCC_WARN_UNDECLARED_SELECTOR = YES;
				GCC_WARN_UNINITIALIZED_AUTOS = YES_AGGRESSIVE;
				GCC_WARN_UNUSED_FUNCTION = YES;
				GCC_WARN_UNUSED_VARIABLE = YES;
				IPHONEOS_DEPLOYMENT_TARGET = 12.4;
				MTL_ENABLE_DEBUG_INFO = INCLUDE_SOURCE;
				MTL_FAST_MATH = YES;
				ONLY_ACTIVE_ARCH = YES;
				SDKROOT = iphoneos;
				SWIFT_ACTIVE_COMPILATION_CONDITIONS = DEBUG;
				SWIFT_OPTIMIZATION_LEVEL = "-Onone";
			};
			name = Debug;
		};
		2F328559235047E500FA8BB4 /* Release */ = {
			isa = XCBuildConfiguration;
			buildSettings = {
				ALWAYS_SEARCH_USER_PATHS = NO;
				CLANG_ANALYZER_NONNULL = YES;
				CLANG_ANALYZER_NUMBER_OBJECT_CONVERSION = YES_AGGRESSIVE;
				CLANG_CXX_LANGUAGE_STANDARD = "gnu++14";
				CLANG_CXX_LIBRARY = "libc++";
				CLANG_ENABLE_MODULES = YES;
				CLANG_ENABLE_OBJC_ARC = YES;
				CLANG_ENABLE_OBJC_WEAK = YES;
				CLANG_WARN_BLOCK_CAPTURE_AUTORELEASING = YES;
				CLANG_WARN_BOOL_CONVERSION = YES;
				CLANG_WARN_COMMA = YES;
				CLANG_WARN_CONSTANT_CONVERSION = YES;
				CLANG_WARN_DEPRECATED_OBJC_IMPLEMENTATIONS = YES;
				CLANG_WARN_DIRECT_OBJC_ISA_USAGE = YES_ERROR;
				CLANG_WARN_DOCUMENTATION_COMMENTS = YES;
				CLANG_WARN_EMPTY_BODY = YES;
				CLANG_WARN_ENUM_CONVERSION = YES;
				CLANG_WARN_INFINITE_RECURSION = YES;
				CLANG_WARN_INT_CONVERSION = YES;
				CLANG_WARN_NON_LITERAL_NULL_CONVERSION = YES;
				CLANG_WARN_OBJC_IMPLICIT_RETAIN_SELF = YES;
				CLANG_WARN_OBJC_LITERAL_CONVERSION = YES;
				CLANG_WARN_OBJC_ROOT_CLASS = YES_ERROR;
				CLANG_WARN_RANGE_LOOP_ANALYSIS = YES;
				CLANG_WARN_STRICT_PROTOTYPES = YES;
				CLANG_WARN_SUSPICIOUS_MOVE = YES;
				CLANG_WARN_UNGUARDED_AVAILABILITY = YES_AGGRESSIVE;
				CLANG_WARN_UNREACHABLE_CODE = YES;
				CLANG_WARN__DUPLICATE_METHOD_MATCH = YES;
				CODE_SIGN_IDENTITY = "iPhone Developer";
				COPY_PHASE_STRIP = NO;
				DEBUG_INFORMATION_FORMAT = "dwarf-with-dsym";
				ENABLE_NS_ASSERTIONS = NO;
				ENABLE_STRICT_OBJC_MSGSEND = YES;
				GCC_C_LANGUAGE_STANDARD = gnu11;
				GCC_NO_COMMON_BLOCKS = YES;
				GCC_WARN_64_TO_32_BIT_CONVERSION = YES;
				GCC_WARN_ABOUT_RETURN_TYPE = YES_ERROR;
				GCC_WARN_UNDECLARED_SELECTOR = YES;
				GCC_WARN_UNINITIALIZED_AUTOS = YES_AGGRESSIVE;
				GCC_WARN_UNUSED_FUNCTION = YES;
				GCC_WARN_UNUSED_VARIABLE = YES;
				IPHONEOS_DEPLOYMENT_TARGET = 12.4;
				MTL_ENABLE_DEBUG_INFO = NO;
				MTL_FAST_MATH = YES;
				SDKROOT = iphoneos;
				SWIFT_COMPILATION_MODE = wholemodule;
				SWIFT_OPTIMIZATION_LEVEL = "-O";
				VALIDATE_PRODUCT = YES;
			};
			name = Release;
		};
		2F32855B235047E500FA8BB4 /* Debug */ = {
			isa = XCBuildConfiguration;
			buildSettings = {
				ASSETCATALOG_COMPILER_APPICON_NAME = AppIcon;
				CODE_SIGN_STYLE = Manual;
				DEVELOPMENT_TEAM = 832GB8JXW9;
				INFOPLIST_FILE = xyrefresh/Info.plist;
				IPHONEOS_DEPLOYMENT_TARGET = 10.0;
				LD_RUNPATH_SEARCH_PATHS = (
					"$(inherited)",
					"@executable_path/Frameworks",
				);
				PRODUCT_BUNDLE_IDENTIFIER = com.xyco.xyrefresh;
				PRODUCT_NAME = "$(TARGET_NAME)";
				PROVISIONING_PROFILE_SPECIFIER = xyco_wc_dev_p;
				SWIFT_VERSION = 5.0;
				TARGETED_DEVICE_FAMILY = 1;
			};
			name = Debug;
		};
		2F32855C235047E500FA8BB4 /* Release */ = {
			isa = XCBuildConfiguration;
			buildSettings = {
				ASSETCATALOG_COMPILER_APPICON_NAME = AppIcon;
				CODE_SIGN_STYLE = Manual;
				DEVELOPMENT_TEAM = "";
				INFOPLIST_FILE = xyrefresh/Info.plist;
				IPHONEOS_DEPLOYMENT_TARGET = 10.0;
				LD_RUNPATH_SEARCH_PATHS = (
					"$(inherited)",
					"@executable_path/Frameworks",
				);
				PRODUCT_BUNDLE_IDENTIFIER = com.xyco.xyrefresh;
				PRODUCT_NAME = "$(TARGET_NAME)";
				PROVISIONING_PROFILE_SPECIFIER = "";
				SWIFT_VERSION = 5.0;
				TARGETED_DEVICE_FAMILY = 1;
			};
			name = Release;
		};
/* End XCBuildConfiguration section */

/* Begin XCConfigurationList section */
		2F328543235047E300FA8BB4 /* Build configuration list for PBXProject "xyrefresh" */ = {
			isa = XCConfigurationList;
			buildConfigurations = (
				2F328558235047E500FA8BB4 /* Debug */,
				2F328559235047E500FA8BB4 /* Release */,
			);
			defaultConfigurationIsVisible = 0;
			defaultConfigurationName = Release;
		};
		2F32855A235047E500FA8BB4 /* Build configuration list for PBXNativeTarget "xyrefresh" */ = {
			isa = XCConfigurationList;
			buildConfigurations = (
				2F32855B235047E500FA8BB4 /* Debug */,
				2F32855C235047E500FA8BB4 /* Release */,
			);
			defaultConfigurationIsVisible = 0;
			defaultConfigurationName = Release;
		};
/* End XCConfigurationList section */
	};
	rootObject = 2F328540235047E300FA8BB4 /* Project object */;
}
